
Microsoft Visual Studio Solution File, Format Version 12.00
# Visual Studio Version 17
VisualStudioVersion = 17.14.36811.4 d17.14
MinimumVisualStudioVersion = 10.0.40219.1
Project("{8BC9CEB8-8B4A-11D0-8D11-00A0C91BC942}") = "Heap", "Heap\Heap.vcxproj", "{76D99A85-077D-4CA4-9373-75455F450FF6}"
EndProject
Global
	GlobalSection(SolutionConfigurationPlatforms) = preSolution
		Debug|x64 = Debug|x64
		Debug|x86 = Debug|x86
		Release|x64 = Release|x64
		Release|x86 = Release|x86
	EndGlobalSection
	GlobalSection(ProjectConfigurationPlatforms) = postSolution
		{76D99A85-077D-4CA4-9373-75455F450FF6}.Debug|x64.ActiveCfg = Debug|x64
		{76D99A85-077D-4CA4-9373-75455F450FF6}.Debug|x64.Build.0 = Debug|x64
		{76D99A85-077D-4CA4-9373-75455F450FF6}.Debug|x86.ActiveCfg = Debug|Win32
		{76D99A85-077D-4CA4-9373-75455F450FF6}.Debug|x86.Build.0 = Debug|Win32
		{76D99A85-077D-4CA4-9373-75455F450FF6}.Release|x64.ActiveCfg = Release|x64
		{76D99A85-077D-4CA4-9373-75455F450FF6}.Release|x64.Build.0 = Release|x64
		{76D99A85-077D-4CA4-9373-75455F450FF6}.Release|x86.ActiveCfg = Release|Win32
		{76D99A85-077D-4CA4-9373-75455F450FF6}.Release|x86.Build.0 = Release|Win32
	EndGlobalSection
	GlobalSection(SolutionProperties) = preSolution
		HideSolutionNode = FALSE
	EndGlobalSection
	GlobalSection(ExtensibilityGlobals) = postSolution
		SolutionGuid = {2A676DA5-FDE9-487A-B838-B1A1A3625B31}
	EndGlobalSection
EndGlobal
